# Prisma Migrate lockfile v1

20201030133402-init
20201031115132-basic_schema
20201031141953-add-name-to-user
20201031150144-add-z-position-to-item
20201031150509-fix-poisition-type
20201031151928-add-name-to-attribute-type
20201031152328-add-dates-to-role
20201107131557-add-missing-relation
20201107132411-fix-relations
20201111173058-add-missing-relations
20201111181901-item-position-optionable
20201112183025-add-reset-password-token
20201112183532-token-is-unique
20201114180927-add-log
20201125201046-add-user-to-log
20201128181918-fix-log-enum